
Microsoft Visual Studio Solution File, Format Version 12.00
# Visual Studio 2012
Project("{FAE04EC0-301F-11D3-BF4B-00C04F79EFBC}") = "UIProjects", "UIProjects\UIProjects.csproj", "{CA5B4D87-0387-46D5-8AA3-025DCB125223}"
EndProject
Project("{FAE04EC0-301F-11D3-BF4B-00C04F79EFBC}") = "WebUISite", "WebUISite\WebUISite.csproj", "{C04ACCF6-AC1C-4861-B126-9A48DE0F1FC4}"
EndProject
Global
	GlobalSection(SolutionConfigurationPlatforms) = preSolution
		Debug|Any CPU = Debug|Any CPU
		Release|Any CPU = Release|Any CPU
	EndGlobalSection
	GlobalSection(ProjectConfigurationPlatforms) = postSolution
		{CA5B4D87-0387-46D5-8AA3-025DCB125223}.Debug|Any CPU.ActiveCfg = Debug|Any CPU
		{CA5B4D87-0387-46D5-8AA3-025DCB125223}.Debug|Any CPU.Build.0 = Debug|Any CPU
		{CA5B4D87-0387-46D5-8AA3-025DCB125223}.Release|Any CPU.ActiveCfg = Release|Any CPU
		{CA5B4D87-0387-46D5-8AA3-025DCB125223}.Release|Any CPU.Build.0 = Release|Any CPU
		{C04ACCF6-AC1C-4861-B126-9A48DE0F1FC4}.Debug|Any CPU.ActiveCfg = Debug|Any CPU
		{C04ACCF6-AC1C-4861-B126-9A48DE0F1FC4}.Debug|Any CPU.Build.0 = Debug|Any CPU
		{C04ACCF6-AC1C-4861-B126-9A48DE0F1FC4}.Release|Any CPU.ActiveCfg = Release|Any CPU
		{C04ACCF6-AC1C-4861-B126-9A48DE0F1FC4}.Release|Any CPU.Build.0 = Release|Any CPU
	EndGlobalSection
	GlobalSection(SolutionProperties) = preSolution
		HideSolutionNode = FALSE
	EndGlobalSection
EndGlobal
