
Microsoft Visual Studio Solution File, Format Version 12.00
# Visual Studio 2012
Project("{FAE04EC0-301F-11D3-BF4B-00C04F79EFBC}") = "WebUISite", "WebUISite\WebUISite.csproj", "{C04ACCF6-AC1C-4861-B126-9A48DE0F1FC4}"
EndProject
Project("{FAE04EC0-301F-11D3-BF4B-00C04F79EFBC}") = "UIProgram", "UIProgram\UIProgram.csproj", "{A91A1A4D-6574-4F25-BFB6-46BF3C0812D5}"
EndProject
Global
	GlobalSection(SolutionConfigurationPlatforms) = preSolution
		Debug|Any CPU = Debug|Any CPU
		Release|Any CPU = Release|Any CPU
	EndGlobalSection
	GlobalSection(ProjectConfigurationPlatforms) = postSolution
		{C04ACCF6-AC1C-4861-B126-9A48DE0F1FC4}.Debug|Any CPU.ActiveCfg = Debug|Any CPU
		{C04ACCF6-AC1C-4861-B126-9A48DE0F1FC4}.Debug|Any CPU.Build.0 = Debug|Any CPU
		{C04ACCF6-AC1C-4861-B126-9A48DE0F1FC4}.Release|Any CPU.ActiveCfg = Release|Any CPU
		{C04ACCF6-AC1C-4861-B126-9A48DE0F1FC4}.Release|Any CPU.Build.0 = Release|Any CPU
		{A91A1A4D-6574-4F25-BFB6-46BF3C0812D5}.Debug|Any CPU.ActiveCfg = Debug|Any CPU
		{A91A1A4D-6574-4F25-BFB6-46BF3C0812D5}.Debug|Any CPU.Build.0 = Debug|Any CPU
		{A91A1A4D-6574-4F25-BFB6-46BF3C0812D5}.Release|Any CPU.ActiveCfg = Release|Any CPU
		{A91A1A4D-6574-4F25-BFB6-46BF3C0812D5}.Release|Any CPU.Build.0 = Release|Any CPU
	EndGlobalSection
	GlobalSection(SolutionProperties) = preSolution
		HideSolutionNode = FALSE
	EndGlobalSection
EndGlobal
